# THIS IS AN AUTOGENERATED FILE. DO NOT EDIT THIS FILE DIRECTLY.
# yarn lockfile v1


nanostores@^0.9.3:
  version "0.9.3"
  resolved "https://registry.yarnpkg.com/nanostores/-/nanostores-0.9.3.tgz#a095de5cb695e027b84657d5e31cabd6c5bb269c"
  integrity sha512-KobZjcVyNndNrb5DAjfs0WG0lRcZu5Q1BOrfTOxokFLi25zFrWPjg+joXC6kuDqNfSt9fQwppyjUBkRPtsL+8w==
